# This file is automatically @generated by Cargo.
# It is not intended for manual editing.
version = 4

[[package]]
name = "base64"
version = "0.22.1"
source = "registry+https://github.com/rust-lang/crates.io-index"
checksum = "72b3254f16251a8381aa12e40e3c4d2f0199f8c6508fbecb9d91f575e0fbb8c6"

[[package]]
name = "block-buffer"
version = "0.12.0"
source = "registry+https://github.com/rust-lang/crates.io-index"
checksum = "cdd35008169921d80bc60d3d0ab416eecb028c4cd653352907921d95084790be"
dependencies = [
 "hybrid-array",
]

[[package]]
name = "cfg-if"
version = "1.0.4"
source = "registry+https://github.com/rust-lang/crates.io-index"
checksum = "9330f8b2ff13f34540b44e946ef35111825727b38d33286ef986142615121801"

[[package]]
name = "cmov"
version = "0.5.2"
source = "registry+https://github.com/rust-lang/crates.io-index"
checksum = "de0758edba32d61d1fd9f4d69491b47604b91ee2f7e6b33de7e54ca4ebe55dc3"

[[package]]
name = "comptx"
version = "0.1.0"
dependencies = [
 "base64",
 "either",
]

[[package]]
name = "const-oid"
version = "0.10.2"
source = "registry+https://github.com/rust-lang/crates.io-index"
checksum = "a6ef517f0926dd24a1582492c791b6a4818a4d94e789a334894aa15b0d12f55c"

[[package]]
name = "cpufeatures"
version = "0.2.17"
source = "registry+https://github.com/rust-lang/crates.io-index"
checksum = "59ed5838eebb26a2bb2e58f6d5b5316989ae9d08bab10e0e6d103e656d1b0280"
dependencies = [
 "libc",
]

[[package]]
name = "cpufeatures"
version = "0.3.0"
source = "registry+https://github.com/rust-lang/crates.io-index"
checksum = "8b2a41393f66f16b0823bb79094d54ac5fbd34ab292ddafb9a0456ac9f87d201"
dependencies = [
 "libc",
]

[[package]]
name = "crypto-common"
version = "0.2.1"
source = "registry+https://github.com/rust-lang/crates.io-index"
checksum = "77727bb15fa921304124b128af125e7e3b968275d1b108b379190264f4423710"
dependencies = [
 "hybrid-array",
]

[[package]]
name = "ctutils"
version = "0.4.0"
source = "registry+https://github.com/rust-lang/crates.io-index"
checksum = "1005a6d4446f5120ef475ad3d2af2b30c49c2c9c6904258e3bb30219bebed5e4"
dependencies = [
 "cmov",
]

[[package]]
name = "der"
version = "0.8.0"
source = "registry+https://github.com/rust-lang/crates.io-index"
checksum = "71fd89660b2dc699704064e59e9dba0147b903e85319429e131620d022be411b"
dependencies = [
 "const-oid",
]

[[package]]
name = "digest"
version = "0.11.1"
source = "registry+https://github.com/rust-lang/crates.io-index"
checksum = "285743a676ccb6b3e116bc14cc69319b957867930ae9c4822f8e0f54509d7243"
dependencies = [
 "block-buffer",
 "crypto-common",
 "ctutils",
]

[[package]]
name = "either"
version = "1.15.0"
source = "registry+https://github.com/rust-lang/crates.io-index"
checksum = "48c757948c5ede0e46177b7add2e67155f70e33c07fea8284df6576da70b3719"

[[package]]
name = "hmac"
version = "0.13.0-rc.5"
source = "registry+https://github.com/rust-lang/crates.io-index"
checksum = "ef451d73f36d8a3f93ad32c332ea01146c9650e1ec821a9b0e46c01277d544f8"
dependencies = [
 "digest",
]

[[package]]
name = "hybrid-array"
version = "0.4.7"
source = "registry+https://github.com/rust-lang/crates.io-index"
checksum = "e1b229d73f5803b562cc26e4da0396c8610a4ee209f4fac8fa4f8d709166dc45"
dependencies = [
 "typenum",
]

[[package]]
name = "keccak"
version = "0.2.0-rc.2"
source = "registry+https://github.com/rust-lang/crates.io-index"
checksum = "882b69cb15b1f78b51342322a97ccd16f5123d1dc8a3da981a95244f488e8692"
dependencies = [
 "cpufeatures 0.3.0",
]

[[package]]
name = "keys"
version = "0.1.0"
dependencies = [
 "sha3",
 "slh-dsa",
 "zeroize",
]

[[package]]
name = "libc"
version = "0.2.182"
source = "registry+https://github.com/rust-lang/crates.io-index"
checksum = "6800badb6cb2082ffd7b6a67e6125bb39f18782f793520caee8cb8846be06112"

[[package]]
name = "pkcs8"
version = "0.11.0-rc.11"
source = "registry+https://github.com/rust-lang/crates.io-index"
checksum = "12922b6296c06eb741b02d7b5161e3aaa22864af38dfa025a1a3ba3f68c84577"
dependencies = [
 "der",
 "spki",
]

[[package]]
name = "proc-macro2"
version = "1.0.106"
source = "registry+https://github.com/rust-lang/crates.io-index"
checksum = "8fd00f0bb2e90d81d1044c2b32617f68fcb9fa3bb7640c23e9c748e53fb30934"
dependencies = [
 "unicode-ident",
]

[[package]]
name = "quote"
version = "1.0.45"
source = "registry+https://github.com/rust-lang/crates.io-index"
checksum = "41f2619966050689382d2b44f664f4bc593e129785a36d6ee376ddf37259b924"
dependencies = [
 "proc-macro2",
]

[[package]]
name = "rand_core"
version = "0.10.0"
source = "registry+https://github.com/rust-lang/crates.io-index"
checksum = "0c8d0fd677905edcbeedbf2edb6494d676f0e98d54d5cf9bda0b061cb8fb8aba"

[[package]]
name = "sha2"
version = "0.11.0-rc.5"
source = "registry+https://github.com/rust-lang/crates.io-index"
checksum = "7c5f3b1e2dc8aad28310d8410bd4d7e180eca65fca176c52ab00d364475d0024"
dependencies = [
 "cfg-if",
 "cpufeatures 0.2.17",
 "digest",
]

[[package]]
name = "sha3"
version = "0.11.0-rc.8"
source = "registry+https://github.com/rust-lang/crates.io-index"
checksum = "95f78cd62cc39ece5aefbeb6caaa2ea44f70b4815d4b85f7e150ac685ada2bb5"
dependencies = [
 "digest",
 "keccak",
]

[[package]]
name = "signature"
version = "3.0.0-rc.10"
source = "registry+https://github.com/rust-lang/crates.io-index"
checksum = "7f1880df446116126965eeec169136b2e0251dba37c6223bcc819569550edea3"
dependencies = [
 "rand_core",
]

[[package]]
name = "slh-dsa"
version = "0.2.0-rc.4"
source = "registry+https://github.com/rust-lang/crates.io-index"
checksum = "85f6f9b5317f06189671584c283b3f26339b89c97f21b5c50ae24aec397304a7"
dependencies = [
 "const-oid",
 "digest",
 "hmac",
 "hybrid-array",
 "pkcs8",
 "rand_core",
 "sha2",
 "sha3",
 "signature",
 "typenum",
 "zerocopy",
]

[[package]]
name = "spki"
version = "0.8.0-rc.4"
source = "registry+https://github.com/rust-lang/crates.io-index"
checksum = "8baeff88f34ed0691978ec34440140e1572b68c7dd4a495fd14a3dc1944daa80"
dependencies = [
 "der",
]

[[package]]
name = "syn"
version = "2.0.117"
source = "registry+https://github.com/rust-lang/crates.io-index"
checksum = "e665b8803e7b1d2a727f4023456bbbbe74da67099c585258af0ad9c5013b9b99"
dependencies = [
 "proc-macro2",
 "quote",
 "unicode-ident",
]

[[package]]
name = "typenum"
version = "1.19.0"
source = "registry+https://github.com/rust-lang/crates.io-index"
checksum = "562d481066bde0658276a35467c4af00bdc6ee726305698a55b86e61d7ad82bb"

[[package]]
name = "unicode-ident"
version = "1.0.24"
source = "registry+https://github.com/rust-lang/crates.io-index"
checksum = "e6e4313cd5fcd3dad5cafa179702e2b244f760991f45397d14d4ebf38247da75"

[[package]]
name = "zerocopy"
version = "0.8.40"
source = "registry+https://github.com/rust-lang/crates.io-index"
checksum = "a789c6e490b576db9f7e6b6d661bcc9799f7c0ac8352f56ea20193b2681532e5"
dependencies = [
 "zerocopy-derive",
]

[[package]]
name = "zerocopy-derive"
version = "0.8.40"
source = "registry+https://github.com/rust-lang/crates.io-index"
checksum = "f65c489a7071a749c849713807783f70672b28094011623e200cb86dcb835953"
dependencies = [
 "proc-macro2",
 "quote",
 "syn",
]

[[package]]
name = "zeroize"
version = "1.8.2"
source = "registry+https://github.com/rust-lang/crates.io-index"
checksum = "b97154e67e32c85465826e8bcc1c59429aaaf107c1e4a9e53c8d8ccd5eff88d0"
dependencies = [
 "zeroize_derive",
]

[[package]]
name = "zeroize_derive"
version = "1.4.3"
source = "registry+https://github.com/rust-lang/crates.io-index"
checksum = "85a5b4158499876c763cb03bc4e49185d3cccbabb15b33c627f7884f43db852e"
dependencies = [
 "proc-macro2",
 "quote",
 "syn",
]
